<?xml version="1.0" encoding="utf-8"?>
<Project ToolsVersion="4.0" xmlns="http://schemas.microsoft.com/developer/msbuild/2003">
  <ItemGroup>
    <Filter Include="Source Files">
      <UniqueIdentifier>{B9849802-6143-4DDA-8165-ED38F802258C}</UniqueIdentifier>
      <Extensions>cpp;c;cc;cxx;c++;cppm;ixx;def;odl;idl;hpj;bat;asm;asmx</Extensions>
    </Filter>
    <Filter Include="Header Files">
      <UniqueIdentifier>{5286656A-AD7B-402B-AF65-9C36C638FDC5}</UniqueIdentifier>
      <Extensions>h;hh;hpp;hxx;h++;hm;inl;inc;ipp;xsd</Extensions>
    </Filter>
  </ItemGroup>
  <ItemGroup>
    <ClInclude Include="..\BO2InjectorHelper\InjectorArguments.h">
      <Filter>Header Files</Filter>
    </ClInclude>
    <ClInclude Include="..\BO2InjectorHelper\InjectorOrchestration.h">
      <Filter>Header Files</Filter>
    </ClInclude>
    <ClInclude Include="..\BO2Monitor\HookCompatibility.h">
      <Filter>Header Files</Filter>
    </ClInclude>
    <ClInclude Include="..\BO2Monitor\HookPure.h">
      <Filter>Header Files</Filter>
    </ClInclude>
    <ClInclude Include="..\BO2Monitor\NotifyLog.h">
      <Filter>Header Files</Filter>
    </ClInclude>
    <ClInclude Include="..\BO2Monitor\NotifyPublication.h">
      <Filter>Header Files</Filter>
    </ClInclude>
    <ClInclude Include="..\BO2Monitor\PollingFallback.h">
      <Filter>Header Files</Filter>
    </ClInclude>
    <ClInclude Include="..\BO2Monitor\SharedSnapshot.h">
      <Filter>Header Files</Filter>
    </ClInclude>
  </ItemGroup>
  <ItemGroup>
    <ClCompile Include="*.cpp">
      <Filter>Source Files</Filter>
    </ClCompile>
    <ClCompile Include="..\BO2InjectorHelper\InjectorArguments.cpp">
      <Filter>Source Files</Filter>
    </ClCompile>
    <ClCompile Include="..\BO2InjectorHelper\InjectorOrchestration.cpp">
      <Filter>Source Files</Filter>
    </ClCompile>
    <ClCompile Include="..\BO2Monitor\HookCompatibility.cpp">
      <Filter>Source Files</Filter>
    </ClCompile>
    <ClCompile Include="..\BO2Monitor\HookPure.cpp">
      <Filter>Source Files</Filter>
    </ClCompile>
    <ClCompile Include="..\BO2Monitor\NotifyLog.cpp">
      <Filter>Source Files</Filter>
    </ClCompile>
    <ClCompile Include="..\BO2Monitor\NotifyPublication.cpp">
      <Filter>Source Files</Filter>
    </ClCompile>
    <ClCompile Include="..\BO2Monitor\PollingFallback.cpp">
      <Filter>Source Files</Filter>
    </ClCompile>
    <ClCompile Include="..\BO2Monitor\SharedSnapshot.cpp">
      <Filter>Source Files</Filter>
    </ClCompile>
  </ItemGroup>
</Project>
